
Microsoft Visual Studio Solution File, Format Version 12.00
# Visual Studio 15
VisualStudioVersion = 15.0.26124.0
MinimumVisualStudioVersion = 15.0.26124.0
Project("{2150E333-8FDC-42A3-9474-1A3956D46DE8}") = "src", "src", "{7D3A349C-0AC4-4B85-A3BA-C6CCA7D7E0F5}"
EndProject
Project("{FAE04EC0-301F-11D3-BF4B-00C04F79EFBC}") = "Typesense", "src\Typesense\Typesense.csproj", "{28865C8A-8774-4888-B1CC-3477B089D468}"
EndProject
Project("{2150E333-8FDC-42A3-9474-1A3956D46DE8}") = "test", "test", "{3530FFEA-B56E-41B1-AAEB-614D225AA5B8}"
EndProject
Project("{FAE04EC0-301F-11D3-BF4B-00C04F79EFBC}") = "Typesense.Tests", "test\Typesense.Tests\Typesense.Tests.csproj", "{0E36B35F-11C7-4093-B2EE-AB1424885268}"
EndProject
Global
	GlobalSection(SolutionConfigurationPlatforms) = preSolution
		Debug|Any CPU = Debug|Any CPU
		Debug|x64 = Debug|x64
		Debug|x86 = Debug|x86
		Release|Any CPU = Release|Any CPU
		Release|x64 = Release|x64
		Release|x86 = Release|x86
	EndGlobalSection
	GlobalSection(SolutionProperties) = preSolution
		HideSolutionNode = FALSE
	EndGlobalSection
	GlobalSection(ProjectConfigurationPlatforms) = postSolution
		{28865C8A-8774-4888-B1CC-3477B089D468}.Debug|Any CPU.ActiveCfg = Debug|Any CPU
		{28865C8A-8774-4888-B1CC-3477B089D468}.Debug|Any CPU.Build.0 = Debug|Any CPU
		{28865C8A-8774-4888-B1CC-3477B089D468}.Debug|x64.ActiveCfg = Debug|Any CPU
		{28865C8A-8774-4888-B1CC-3477B089D468}.Debug|x64.Build.0 = Debug|Any CPU
		{28865C8A-8774-4888-B1CC-3477B089D468}.Debug|x86.ActiveCfg = Debug|Any CPU
		{28865C8A-8774-4888-B1CC-3477B089D468}.Debug|x86.Build.0 = Debug|Any CPU
		{28865C8A-8774-4888-B1CC-3477B089D468}.Release|Any CPU.ActiveCfg = Release|Any CPU
		{28865C8A-8774-4888-B1CC-3477B089D468}.Release|Any CPU.Build.0 = Release|Any CPU
		{28865C8A-8774-4888-B1CC-3477B089D468}.Release|x64.ActiveCfg = Release|Any CPU
		{28865C8A-8774-4888-B1CC-3477B089D468}.Release|x64.Build.0 = Release|Any CPU
		{28865C8A-8774-4888-B1CC-3477B089D468}.Release|x86.ActiveCfg = Release|Any CPU
		{28865C8A-8774-4888-B1CC-3477B089D468}.Release|x86.Build.0 = Release|Any CPU
		{0E36B35F-11C7-4093-B2EE-AB1424885268}.Debug|Any CPU.ActiveCfg = Debug|Any CPU
		{0E36B35F-11C7-4093-B2EE-AB1424885268}.Debug|Any CPU.Build.0 = Debug|Any CPU
		{0E36B35F-11C7-4093-B2EE-AB1424885268}.Debug|x64.ActiveCfg = Debug|Any CPU
		{0E36B35F-11C7-4093-B2EE-AB1424885268}.Debug|x64.Build.0 = Debug|Any CPU
		{0E36B35F-11C7-4093-B2EE-AB1424885268}.Debug|x86.ActiveCfg = Debug|Any CPU
		{0E36B35F-11C7-4093-B2EE-AB1424885268}.Debug|x86.Build.0 = Debug|Any CPU
		{0E36B35F-11C7-4093-B2EE-AB1424885268}.Release|Any CPU.ActiveCfg = Release|Any CPU
		{0E36B35F-11C7-4093-B2EE-AB1424885268}.Release|Any CPU.Build.0 = Release|Any CPU
		{0E36B35F-11C7-4093-B2EE-AB1424885268}.Release|x64.ActiveCfg = Release|Any CPU
		{0E36B35F-11C7-4093-B2EE-AB1424885268}.Release|x64.Build.0 = Release|Any CPU
		{0E36B35F-11C7-4093-B2EE-AB1424885268}.Release|x86.ActiveCfg = Release|Any CPU
		{0E36B35F-11C7-4093-B2EE-AB1424885268}.Release|x86.Build.0 = Release|Any CPU
	EndGlobalSection
	GlobalSection(NestedProjects) = preSolution
		{28865C8A-8774-4888-B1CC-3477B089D468} = {7D3A349C-0AC4-4B85-A3BA-C6CCA7D7E0F5}
		{0E36B35F-11C7-4093-B2EE-AB1424885268} = {3530FFEA-B56E-41B1-AAEB-614D225AA5B8}
	EndGlobalSection
EndGlobal
